
Microsoft Visual Studio Solution File, Format Version 12.00
# Visual Studio Version 17
VisualStudioVersion = 17.0.31919.166
MinimumVisualStudioVersion = 10.0.40219.1
Project("{FAE04EC0-301F-11D3-BF4B-00C04F79EFBC}") = "EntityFrameworkConsoleApp", "EntityFrameworkConsoleApp\EntityFrameworkConsoleApp.csproj", "{56C63BA3-5996-4365-8F19-AF047FB62CFA}"
EndProject
Global
	GlobalSection(SolutionConfigurationPlatforms) = preSolution
		Debug|Any CPU = Debug|Any CPU
		Release|Any CPU = Release|Any CPU
	EndGlobalSection
	GlobalSection(ProjectConfigurationPlatforms) = postSolution
		{56C63BA3-5996-4365-8F19-AF047FB62CFA}.Debug|Any CPU.ActiveCfg = Debug|Any CPU
		{56C63BA3-5996-4365-8F19-AF047FB62CFA}.Debug|Any CPU.Build.0 = Debug|Any CPU
		{56C63BA3-5996-4365-8F19-AF047FB62CFA}.Release|Any CPU.ActiveCfg = Release|Any CPU
		{56C63BA3-5996-4365-8F19-AF047FB62CFA}.Release|Any CPU.Build.0 = Release|Any CPU
	EndGlobalSection
	GlobalSection(SolutionProperties) = preSolution
		HideSolutionNode = FALSE
	EndGlobalSection
	GlobalSection(ExtensibilityGlobals) = postSolution
		SolutionGuid = {B46D15AA-E459-41C5-AA71-F0A21A03FBEC}
	EndGlobalSection
EndGlobal
